github.com/zeebo/assert v1.3.1 h1:vukIABvugfNMZMQO1ABsyQDJDTVQbn+LWSMy1ol1h6A=
golang.org/x/sync v0.4.0 h1:zxkM55ReGkDlKSM+Fu41A+zmbZuaPVbGMzvvdUPznYQ=
golang.org/x/sync v0.4.0/go.mod h1:FU7BRWz2tNW+3quACPkgCx/L+uEAv1htQ0V83Z9Rj+Y=
storj.io/picobuf v0.0.3 h1:xAUPB5ZUGfxkqd3bnw3zp01kkWb9wlhg4vtZWUs2S9A=
storj.io/picobuf v0.0.3/go.mod h1:4V4xelV1RSCck5GgmkL/Txw9l6IfX3XcBzegmL5Kudo=
